{
  "name": "forgewatch-vulnerable-fixture",
  "version": "1.0.0",
  "lockfileVersion": 3,
  "requires": true,
  "packages": {
    "": {
      "name": "forgewatch-vulnerable-fixture",
      "version": "1.0.0",
      "dependencies": {
        "picocolors": "1.1.1"
      }
    },
    "node_modules/picocolors": {
      "version": "1.1.1",
      "resolved": "https://registry.npmjs.org/picocolors/-/picocolors-1.1.1.tgz",
      "integrity": "sha512-xQ2hYJmQdGWFgFzMfhMseu6TTMZ66GGbTPYP3MD1vEYuV6p1By6L0RfbGY7lkBmxdxlYMY44Q8O2jzOTRFg5sg=="
    }
  }
}
